
Microsoft Visual Studio Solution File, Format Version 12.00
# Visual Studio Version 16
VisualStudioVersion = 16.0.30114.105
MinimumVisualStudioVersion = 10.0.40219.1
Project("{2150E333-8FDC-42A3-9474-1A3956D46DE8}") = "src", "src", "{0E90172E-91F4-4AD1-A7F6-0807277C6AEC}"
EndProject
Project("{FAE04EC0-301F-11D3-BF4B-00C04F79EFBC}") = "MySpot.Api", "src\MySpot.Api\MySpot.Api.csproj", "{B1C5085A-DE69-4B52-A797-4F0D860F097A}"
EndProject
Project("{2150E333-8FDC-42A3-9474-1A3956D46DE8}") = "tests", "tests", "{63FD0AAB-2E37-4E6B-92B5-4024D5A2DE73}"
EndProject
Project("{FAE04EC0-301F-11D3-BF4B-00C04F79EFBC}") = "MySpot.Tests.Unit", "tests\MySpot.Tests.Unit\MySpot.Tests.Unit.csproj", "{37BECC92-2507-4E6D-8D82-BED1B0F08D37}"
EndProject
Global
	GlobalSection(SolutionConfigurationPlatforms) = preSolution
		Debug|Any CPU = Debug|Any CPU
		Release|Any CPU = Release|Any CPU
	EndGlobalSection
	GlobalSection(SolutionProperties) = preSolution
		HideSolutionNode = FALSE
	EndGlobalSection
	GlobalSection(ProjectConfigurationPlatforms) = postSolution
		{B1C5085A-DE69-4B52-A797-4F0D860F097A}.Debug|Any CPU.ActiveCfg = Debug|Any CPU
		{B1C5085A-DE69-4B52-A797-4F0D860F097A}.Debug|Any CPU.Build.0 = Debug|Any CPU
		{B1C5085A-DE69-4B52-A797-4F0D860F097A}.Release|Any CPU.ActiveCfg = Release|Any CPU
		{B1C5085A-DE69-4B52-A797-4F0D860F097A}.Release|Any CPU.Build.0 = Release|Any CPU
		{37BECC92-2507-4E6D-8D82-BED1B0F08D37}.Debug|Any CPU.ActiveCfg = Debug|Any CPU
		{37BECC92-2507-4E6D-8D82-BED1B0F08D37}.Debug|Any CPU.Build.0 = Debug|Any CPU
		{37BECC92-2507-4E6D-8D82-BED1B0F08D37}.Release|Any CPU.ActiveCfg = Release|Any CPU
		{37BECC92-2507-4E6D-8D82-BED1B0F08D37}.Release|Any CPU.Build.0 = Release|Any CPU
	EndGlobalSection
	GlobalSection(NestedProjects) = preSolution
		{B1C5085A-DE69-4B52-A797-4F0D860F097A} = {0E90172E-91F4-4AD1-A7F6-0807277C6AEC}
		{37BECC92-2507-4E6D-8D82-BED1B0F08D37} = {63FD0AAB-2E37-4E6B-92B5-4024D5A2DE73}
	EndGlobalSection
EndGlobal
